
Microsoft Visual Studio Solution File, Format Version 12.00
# Visual Studio Version 16
VisualStudioVersion = 16.0.30626.31
MinimumVisualStudioVersion = 10.0.40219.1
Project("{9A19103F-16F7-4668-BE54-9A1E7A4F7556}") = "PropertySyncGenerator", "PropertySyncGenerator\PropertySyncGenerator.csproj", "{61253416-DD15-42EA-A8EE-1A9D82B27B7B}"
EndProject
Project("{9A19103F-16F7-4668-BE54-9A1E7A4F7556}") = "PropertySyncTest", "PropertySyncTest\PropertySyncTest.csproj", "{15272CD5-273E-4096-BFF7-1563A7272A26}"
EndProject
Project("{FAE04EC0-301F-11D3-BF4B-00C04F79EFBC}") = "Models", "Models\Models.csproj", "{6D72A9D5-A9CD-4469-A28F-D2A5219B0DA2}"
EndProject
Global
	GlobalSection(SolutionConfigurationPlatforms) = preSolution
		Debug|Any CPU = Debug|Any CPU
		Release|Any CPU = Release|Any CPU
	EndGlobalSection
	GlobalSection(ProjectConfigurationPlatforms) = postSolution
		{61253416-DD15-42EA-A8EE-1A9D82B27B7B}.Debug|Any CPU.ActiveCfg = Debug|Any CPU
		{61253416-DD15-42EA-A8EE-1A9D82B27B7B}.Debug|Any CPU.Build.0 = Debug|Any CPU
		{61253416-DD15-42EA-A8EE-1A9D82B27B7B}.Release|Any CPU.ActiveCfg = Release|Any CPU
		{61253416-DD15-42EA-A8EE-1A9D82B27B7B}.Release|Any CPU.Build.0 = Release|Any CPU
		{15272CD5-273E-4096-BFF7-1563A7272A26}.Debug|Any CPU.ActiveCfg = Debug|Any CPU
		{15272CD5-273E-4096-BFF7-1563A7272A26}.Debug|Any CPU.Build.0 = Debug|Any CPU
		{15272CD5-273E-4096-BFF7-1563A7272A26}.Release|Any CPU.ActiveCfg = Release|Any CPU
		{15272CD5-273E-4096-BFF7-1563A7272A26}.Release|Any CPU.Build.0 = Release|Any CPU
		{6D72A9D5-A9CD-4469-A28F-D2A5219B0DA2}.Debug|Any CPU.ActiveCfg = Debug|Any CPU
		{6D72A9D5-A9CD-4469-A28F-D2A5219B0DA2}.Debug|Any CPU.Build.0 = Debug|Any CPU
		{6D72A9D5-A9CD-4469-A28F-D2A5219B0DA2}.Release|Any CPU.ActiveCfg = Release|Any CPU
		{6D72A9D5-A9CD-4469-A28F-D2A5219B0DA2}.Release|Any CPU.Build.0 = Release|Any CPU
	EndGlobalSection
	GlobalSection(SolutionProperties) = preSolution
		HideSolutionNode = FALSE
	EndGlobalSection
	GlobalSection(ExtensibilityGlobals) = postSolution
		SolutionGuid = {AD2152BE-50B7-449A-8EE5-446F1264C0EB}
	EndGlobalSection
EndGlobal
